
Microsoft Visual Studio Solution File, Format Version 12.00
# Visual Studio Version 16
VisualStudioVersion = 16.0.30002.166
MinimumVisualStudioVersion = 10.0.40219.1
Project("{FAE04EC0-301F-11D3-BF4B-00C04F79EFBC}") = "BacklogSelector", "BacklogSelector\BacklogSelector.csproj", "{54C72C5B-6E32-437A-AA70-2FF6867C55B6}"
EndProject
Project("{FAE04EC0-301F-11D3-BF4B-00C04F79EFBC}") = "BacklogSelector.Tests", "BacklogSelector.Tests\BacklogSelector.Tests.csproj", "{BE15FBC9-7259-4A18-81C9-E37EBAEEC5FC}"
EndProject
Global
	GlobalSection(SolutionConfigurationPlatforms) = preSolution
		Debug|Any CPU = Debug|Any CPU
		Release|Any CPU = Release|Any CPU
	EndGlobalSection
	GlobalSection(ProjectConfigurationPlatforms) = postSolution
		{54C72C5B-6E32-437A-AA70-2FF6867C55B6}.Debug|Any CPU.ActiveCfg = Debug|Any CPU
		{54C72C5B-6E32-437A-AA70-2FF6867C55B6}.Debug|Any CPU.Build.0 = Debug|Any CPU
		{54C72C5B-6E32-437A-AA70-2FF6867C55B6}.Release|Any CPU.ActiveCfg = Release|Any CPU
		{54C72C5B-6E32-437A-AA70-2FF6867C55B6}.Release|Any CPU.Build.0 = Release|Any CPU
		{BE15FBC9-7259-4A18-81C9-E37EBAEEC5FC}.Debug|Any CPU.ActiveCfg = Debug|Any CPU
		{BE15FBC9-7259-4A18-81C9-E37EBAEEC5FC}.Debug|Any CPU.Build.0 = Debug|Any CPU
		{BE15FBC9-7259-4A18-81C9-E37EBAEEC5FC}.Release|Any CPU.ActiveCfg = Release|Any CPU
		{BE15FBC9-7259-4A18-81C9-E37EBAEEC5FC}.Release|Any CPU.Build.0 = Release|Any CPU
	EndGlobalSection
	GlobalSection(SolutionProperties) = preSolution
		HideSolutionNode = FALSE
	EndGlobalSection
	GlobalSection(ExtensibilityGlobals) = postSolution
		SolutionGuid = {1A8F1515-3684-4E33-8F25-08379B1B27DA}
	EndGlobalSection
EndGlobal
